
Microsoft Visual Studio Solution File, Format Version 12.00
# Visual Studio Version 17
VisualStudioVersion = 17.5.002.0
MinimumVisualStudioVersion = 10.0.40219.1
Project("{9A19103F-16F7-4668-BE54-9A1E7A4F7556}") = "WebCrawler", "WebCrawler.csproj", "{6EC02A2A-EB51-4AB5-9D32-F8A8A4EC1E49}"
EndProject
Global
	GlobalSection(SolutionConfigurationPlatforms) = preSolution
		Debug|Any CPU = Debug|Any CPU
		Release|Any CPU = Release|Any CPU
	EndGlobalSection
	GlobalSection(ProjectConfigurationPlatforms) = postSolution
		{6EC02A2A-EB51-4AB5-9D32-F8A8A4EC1E49}.Debug|Any CPU.ActiveCfg = Debug|Any CPU
		{6EC02A2A-EB51-4AB5-9D32-F8A8A4EC1E49}.Debug|Any CPU.Build.0 = Debug|Any CPU
		{6EC02A2A-EB51-4AB5-9D32-F8A8A4EC1E49}.Release|Any CPU.ActiveCfg = Release|Any CPU
		{6EC02A2A-EB51-4AB5-9D32-F8A8A4EC1E49}.Release|Any CPU.Build.0 = Release|Any CPU
	EndGlobalSection
	GlobalSection(SolutionProperties) = preSolution
		HideSolutionNode = FALSE
	EndGlobalSection
	GlobalSection(ExtensibilityGlobals) = postSolution
		SolutionGuid = {4EC65AFE-2106-4266-B1E5-A71A11599D63}
	EndGlobalSection
EndGlobal
